// !$*UTF8*$!
{
	archiveVersion = 1;
	classes = {
	};
	objectVersion = 48;
	objects = {

/* Begin PBXBuildFile section */
		03AA174E1FC84154003CB2B8 /* AppDelegate.swift in Sources */ = {isa = PBXBuildFile; fileRef = 03AA174D1FC84154003CB2B8 /* AppDelegate.swift */; };
		03AA17531FC84154003CB2B8 /* Main.storyboard in Resources */ = {isa = PBXBuildFile; fileRef = 03AA17511FC84154003CB2B8 /* Main.storyboard */; };
		03AA17561FC84154003CB2B8 /* Agenda.xcdatamodeld in Sources */ = {isa = PBXBuildFile; fileRef = 03AA17541FC84154003CB2B8 /* Agenda.xcdatamodeld */; };
		03AA17581FC84154003CB2B8 /* Assets.xcassets in Resources */ = {isa = PBXBuildFile; fileRef = 03AA17571FC84154003CB2B8 /* Assets.xcassets */; };
		03AA175B1FC84154003CB2B8 /* LaunchScreen.storyboard in Resources */ = {isa = PBXBuildFile; fileRef = 03AA17591FC84154003CB2B8 /* LaunchScreen.storyboard */; };
		03AA17661FC84353003CB2B8 /* HomeTableViewController.swift in Sources */ = {isa = PBXBuildFile; fileRef = 03AA17651FC84353003CB2B8 /* HomeTableViewController.swift */; };
		03AA17681FC843B1003CB2B8 /* HomeTableViewCell.swift in Sources */ = {isa = PBXBuildFile; fileRef = 03AA17671FC843B1003CB2B8 /* HomeTableViewCell.swift */; };
		03AA176D1FC8515A003CB2B8 /* AlunoViewController.swift in Sources */ = {isa = PBXBuildFile; fileRef = 03AA176C1FC8515A003CB2B8 /* AlunoViewController.swift */; };
		0E32DC0E2694D9EB00397588 /* LigacaoTelefonica.swift in Sources */ = {isa = PBXBuildFile; fileRef = 0E32DC0D2694D9EB00397588 /* LigacaoTelefonica.swift */; };
		0E32DC102694DB1900397588 /* Safari.swift in Sources */ = {isa = PBXBuildFile; fileRef = 0E32DC0F2694DB1900397588 /* Safari.swift */; };
		0E32DC122694DC0E00397588 /* Filtro.swift in Sources */ = {isa = PBXBuildFile; fileRef = 0E32DC112694DC0E00397588 /* Filtro.swift */; };
		0E355CC62684191300BA30B7 /* AlunoApi.swift in Sources */ = {isa = PBXBuildFile; fileRef = 0E355CC52684191300BA30B7 /* AlunoApi.swift */; };
		0E96E8B0266ABB3800872019 /* MenuOpcoesAlunos.swift in Sources */ = {isa = PBXBuildFile; fileRef = 0E96E8AF266ABB3800872019 /* MenuOpcoesAlunos.swift */; };
		0E96E8B2266AC08600872019 /* Mensagem.swift in Sources */ = {isa = PBXBuildFile; fileRef = 0E96E8B1266AC08600872019 /* Mensagem.swift */; };
		0E96E8B4266EFF5A00872019 /* Localizacao.swift in Sources */ = {isa = PBXBuildFile; fileRef = 0E96E8B3266EFF5A00872019 /* Localizacao.swift */; };
		0E96E8B8266F041C00872019 /* MapaViewController.swift in Sources */ = {isa = PBXBuildFile; fileRef = 0E96E8B7266F041C00872019 /* MapaViewController.swift */; };
		0E96E8BB266F0DB400872019 /* CalculaMediaApi.swift in Sources */ = {isa = PBXBuildFile; fileRef = 0E96E8BA266F0DB400872019 /* CalculaMediaApi.swift */; };
		0E96E8BD266F144A00872019 /* Notificacoes.swift in Sources */ = {isa = PBXBuildFile; fileRef = 0E96E8BC266F144A00872019 /* Notificacoes.swift */; };
		0E96E8BF26718E1F00872019 /* AutenticacaoLocal.swift in Sources */ = {isa = PBXBuildFile; fileRef = 0E96E8BE26718E1E00872019 /* AutenticacaoLocal.swift */; };
		0E96E8C22671A19000872019 /* Pino.swift in Sources */ = {isa = PBXBuildFile; fileRef = 0E96E8C12671A19000872019 /* Pino.swift */; };
		0E96E8C52671A56400872019 /* icon_caelum.png in Resources */ = {isa = PBXBuildFile; fileRef = 0E96E8C42671A56400872019 /* icon_caelum.png */; };
		0E9C6CB62630BC1A002BD516 /* ImagePicker.swift in Sources */ = {isa = PBXBuildFile; fileRef = 0E9C6CB52630BC1A002BD516 /* ImagePicker.swift */; };
		0EAD8AF5269527EB000E283B /* Configuracao.swift in Sources */ = {isa = PBXBuildFile; fileRef = 0EAD8AF4269527EB000E283B /* Configuracao.swift */; };
		0EE5AD5626842DE700192B92 /* Repositorio.swift in Sources */ = {isa = PBXBuildFile; fileRef = 0EE5AD5526842DE700192B92 /* Repositorio.swift */; };
		0EE5AD5826842EE200192B92 /* AlunoDAO.swift in Sources */ = {isa = PBXBuildFile; fileRef = 0EE5AD5726842EE200192B92 /* AlunoDAO.swift */; };
		E120974902FE5A4280ECCA57 /* Pods_Agenda.framework in Frameworks */ = {isa = PBXBuildFile; fileRef = 2AD1BC2A386368748BDB7F8C /* Pods_Agenda.framework */; };
/* End PBXBuildFile section */

/* Begin PBXFileReference section */
		03AA174A1FC84154003CB2B8 /* Agenda.app */ = {isa = PBXFileReference; explicitFileType = wrapper.application; includeInIndex = 0; path = Agenda.app; sourceTree = BUILT_PRODUCTS_DIR; };
		03AA174D1FC84154003CB2B8 /* AppDelegate.swift */ = {isa = PBXFileReference; lastKnownFileType = sourcecode.swift; path = AppDelegate.swift; sourceTree = "<group>"; };
		03AA17521FC84154003CB2B8 /* Base */ = {isa = PBXFileReference; lastKnownFileType = file.storyboard; name = Base; path = Base.lproj/Main.storyboard; sourceTree = "<group>"; };
		03AA17551FC84154003CB2B8 /* Agenda.xcdatamodel */ = {isa = PBXFileReference; lastKnownFileType = wrapper.xcdatamodel; path = Agenda.xcdatamodel; sourceTree = "<group>"; };
		03AA17571FC84154003CB2B8 /* Assets.xcassets */ = {isa = PBXFileReference; lastKnownFileType = folder.assetcatalog; path = Assets.xcassets; sourceTree = "<group>"; };
		03AA175A1FC84154003CB2B8 /* Base */ = {isa = PBXFileReference; lastKnownFileType = file.storyboard; name = Base; path = Base.lproj/LaunchScreen.storyboard; sourceTree = "<group>"; };
		03AA175C1FC84154003CB2B8 /* Info.plist */ = {isa = PBXFileReference; lastKnownFileType = text.plist.xml; path = Info.plist; sourceTree = "<group>"; };
		03AA17651FC84353003CB2B8 /* HomeTableViewController.swift */ = {isa = PBXFileReference; lastKnownFileType = sourcecode.swift; path = HomeTableViewController.swift; sourceTree = "<group>"; };
		03AA17671FC843B1003CB2B8 /* HomeTableViewCell.swift */ = {isa = PBXFileReference; lastKnownFileType = sourcecode.swift; path = HomeTableViewCell.swift; sourceTree = "<group>"; };
		03AA176C1FC8515A003CB2B8 /* AlunoViewController.swift */ = {isa = PBXFileReference; lastKnownFileType = sourcecode.swift; path = AlunoViewController.swift; sourceTree = "<group>"; };
		0E32DC0D2694D9EB00397588 /* LigacaoTelefonica.swift */ = {isa = PBXFileReference; lastKnownFileType = sourcecode.swift; path = LigacaoTelefonica.swift; sourceTree = "<group>"; };
		0E32DC0F2694DB1900397588 /* Safari.swift */ = {isa = PBXFileReference; lastKnownFileType = sourcecode.swift; path = Safari.swift; sourceTree = "<group>"; };
		0E32DC112694DC0E00397588 /* Filtro.swift */ = {isa = PBXFileReference; lastKnownFileType = sourcecode.swift; path = Filtro.swift; sourceTree = "<group>"; };
		0E355CC52684191300BA30B7 /* AlunoApi.swift */ = {isa = PBXFileReference; lastKnownFileType = sourcecode.swift; path = AlunoApi.swift; sourceTree = "<group>"; };
		0E96E8AF266ABB3800872019 /* MenuOpcoesAlunos.swift */ = {isa = PBXFileReference; lastKnownFileType = sourcecode.swift; path = MenuOpcoesAlunos.swift; sourceTree = "<group>"; };
		0E96E8B1266AC08600872019 /* Mensagem.swift */ = {isa = PBXFileReference; lastKnownFileType = sourcecode.swift; path = Mensagem.swift; sourceTree = "<group>"; };
		0E96E8B3266EFF5A00872019 /* Localizacao.swift */ = {isa = PBXFileReference; lastKnownFileType = sourcecode.swift; path = Localizacao.swift; sourceTree = "<group>"; };
		0E96E8B7266F041C00872019 /* MapaViewController.swift */ = {isa = PBXFileReference; lastKnownFileType = sourcecode.swift; path = MapaViewController.swift; sourceTree = "<group>"; };
		0E96E8BA266F0DB400872019 /* CalculaMediaApi.swift */ = {isa = PBXFileReference; lastKnownFileType = sourcecode.swift; path = CalculaMediaApi.swift; sourceTree = "<group>"; };
		0E96E8BC266F144A00872019 /* Notificacoes.swift */ = {isa = PBXFileReference; lastKnownFileType = sourcecode.swift; path = Notificacoes.swift; sourceTree = "<group>"; };
		0E96E8BE26718E1E00872019 /* AutenticacaoLocal.swift */ = {isa = PBXFileReference; lastKnownFileType = sourcecode.swift; path = AutenticacaoLocal.swift; sourceTree = "<group>"; };
		0E96E8C12671A19000872019 /* Pino.swift */ = {isa = PBXFileReference; lastKnownFileType = sourcecode.swift; path = Pino.swift; sourceTree = "<group>"; };
		0E96E8C42671A56400872019 /* icon_caelum.png */ = {isa = PBXFileReference; lastKnownFileType = image.png; path = icon_caelum.png; sourceTree = "<group>"; };
		0E9C6CB52630BC1A002BD516 /* ImagePicker.swift */ = {isa = PBXFileReference; lastKnownFileType = sourcecode.swift; path = ImagePicker.swift; sourceTree = "<group>"; };
		0EAD8AF4269527EB000E283B /* Configuracao.swift */ = {isa = PBXFileReference; lastKnownFileType = sourcecode.swift; path = Configuracao.swift; sourceTree = "<group>"; };
		0ED82FE42630D41800EE601C /* README.md */ = {isa = PBXFileReference; lastKnownFileType = net.daringfireball.markdown; path = README.md; sourceTree = "<group>"; };
		0EE5AD5526842DE700192B92 /* Repositorio.swift */ = {isa = PBXFileReference; lastKnownFileType = sourcecode.swift; path = Repositorio.swift; sourceTree = "<group>"; };
		0EE5AD5726842EE200192B92 /* AlunoDAO.swift */ = {isa = PBXFileReference; lastKnownFileType = sourcecode.swift; path = AlunoDAO.swift; sourceTree = "<group>"; };
		2AD1BC2A386368748BDB7F8C /* Pods_Agenda.framework */ = {isa = PBXFileReference; explicitFileType = wrapper.framework; includeInIndex = 0; path = Pods_Agenda.framework; sourceTree = BUILT_PRODUCTS_DIR; };
		6D7CACBD7848F6173C9B43D6 /* Pods-Agenda.debug.xcconfig */ = {isa = PBXFileReference; includeInIndex = 1; lastKnownFileType = text.xcconfig; name = "Pods-Agenda.debug.xcconfig"; path = "Target Support Files/Pods-Agenda/Pods-Agenda.debug.xcconfig"; sourceTree = "<group>"; };
		E8D3C8B0438A77EA47D2DC03 /* Pods-Agenda.release.xcconfig */ = {isa = PBXFileReference; includeInIndex = 1; lastKnownFileType = text.xcconfig; name = "Pods-Agenda.release.xcconfig"; path = "Target Support Files/Pods-Agenda/Pods-Agenda.release.xcconfig"; sourceTree = "<group>"; };
/* End PBXFileReference section */

/* Begin PBXFrameworksBuildPhase section */
		03AA17471FC84154003CB2B8 /* Frameworks */ = {
			isa = PBXFrameworksBuildPhase;
			buildActionMask = 2147483647;
			files = (
				E120974902FE5A4280ECCA57 /* Pods_Agenda.framework in Frameworks */,
			);
			runOnlyForDeploymentPostprocessing = 0;
		};
/* End PBXFrameworksBuildPhase section */

/* Begin PBXGroup section */
		021CEA7DF8BE00057428EB53 /* Frameworks */ = {
			isa = PBXGroup;
			children = (
				2AD1BC2A386368748BDB7F8C /* Pods_Agenda.framework */,
			);
			name = Frameworks;
			sourceTree = "<group>";
		};
		03AA17411FC84154003CB2B8 = {
			isa = PBXGroup;
			children = (
				0ED82FE42630D41800EE601C /* README.md */,
				03AA174C1FC84154003CB2B8 /* Agenda */,
				03AA174B1FC84154003CB2B8 /* Products */,
				2E37924F6B464312EADFDD5B /* Pods */,
				021CEA7DF8BE00057428EB53 /* Frameworks */,
			);
			sourceTree = "<group>";
		};
		03AA174B1FC84154003CB2B8 /* Products */ = {
			isa = PBXGroup;
			children = (
				03AA174A1FC84154003CB2B8 /* Agenda.app */,
			);
			name = Products;
			sourceTree = "<group>";
		};
		03AA174C1FC84154003CB2B8 /* Agenda */ = {
			isa = PBXGroup;
			children = (
				03AA174D1FC84154003CB2B8 /* AppDelegate.swift */,
				03AA17621FC8433E003CB2B8 /* Home */,
				03AA17691FC84A2D003CB2B8 /* Alunos */,
				0E96E8B5266F03F800872019 /* Mapa */,
				0E9C6CB42630BC05002BD516 /* Componentes */,
				0E96E8C32671A55700872019 /* Assets */,
				03AA17511FC84154003CB2B8 /* Main.storyboard */,
				03AA17571FC84154003CB2B8 /* Assets.xcassets */,
				03AA17591FC84154003CB2B8 /* LaunchScreen.storyboard */,
				03AA175C1FC84154003CB2B8 /* Info.plist */,
				03AA17541FC84154003CB2B8 /* Agenda.xcdatamodeld */,
			);
			path = Agenda;
			sourceTree = "<group>";
		};
		03AA17621FC8433E003CB2B8 /* Home */ = {
			isa = PBXGroup;
			children = (
				0E96E8B9266F0DA400872019 /* Model */,
				03AA17641FC8433E003CB2B8 /* View */,
				03AA17631FC8433E003CB2B8 /* Controller */,
			);
			path = Home;
			sourceTree = "<group>";
		};
		03AA17631FC8433E003CB2B8 /* Controller */ = {
			isa = PBXGroup;
			children = (
				03AA17651FC84353003CB2B8 /* HomeTableViewController.swift */,
			);
			path = Controller;
			sourceTree = "<group>";
		};
		03AA17641FC8433E003CB2B8 /* View */ = {
			isa = PBXGroup;
			children = (
				03AA17671FC843B1003CB2B8 /* HomeTableViewCell.swift */,
			);
			path = View;
			sourceTree = "<group>";
		};
		03AA17691FC84A2D003CB2B8 /* Alunos */ = {
			isa = PBXGroup;
			children = (
				0E355CC42684190400BA30B7 /* Model */,
				03AA176B1FC84A2D003CB2B8 /* View */,
				03AA176A1FC84A2D003CB2B8 /* Controller */,
			);
			path = Alunos;
			sourceTree = "<group>";
		};
		03AA176A1FC84A2D003CB2B8 /* Controller */ = {
			isa = PBXGroup;
			children = (
				03AA176C1FC8515A003CB2B8 /* AlunoViewController.swift */,
			);
			path = Controller;
			sourceTree = "<group>";
		};
		03AA176B1FC84A2D003CB2B8 /* View */ = {
			isa = PBXGroup;
			children = (
			);
			path = View;
			sourceTree = "<group>";
		};
		0E355CC42684190400BA30B7 /* Model */ = {
			isa = PBXGroup;
			children = (
				0E355CC52684191300BA30B7 /* AlunoApi.swift */,
				0EE5AD5526842DE700192B92 /* Repositorio.swift */,
				0EE5AD5726842EE200192B92 /* AlunoDAO.swift */,
			);
			path = Model;
			sourceTree = "<group>";
		};
		0E96E8B5266F03F800872019 /* Mapa */ = {
			isa = PBXGroup;
			children = (
				0E96E8C02671A18400872019 /* Model */,
				0E96E8B6266F040600872019 /* Controller */,
			);
			path = Mapa;
			sourceTree = "<group>";
		};
		0E96E8B6266F040600872019 /* Controller */ = {
			isa = PBXGroup;
			children = (
				0E96E8B7266F041C00872019 /* MapaViewController.swift */,
			);
			path = Controller;
			sourceTree = "<group>";
		};
		0E96E8B9266F0DA400872019 /* Model */ = {
			isa = PBXGroup;
			children = (
				0E96E8BA266F0DB400872019 /* CalculaMediaApi.swift */,
			);
			path = Model;
			sourceTree = "<group>";
		};
		0E96E8C02671A18400872019 /* Model */ = {
			isa = PBXGroup;
			children = (
				0E96E8C12671A19000872019 /* Pino.swift */,
			);
			path = Model;
			sourceTree = "<group>";
		};
		0E96E8C32671A55700872019 /* Assets */ = {
			isa = PBXGroup;
			children = (
				0E96E8C42671A56400872019 /* icon_caelum.png */,
			);
			path = Assets;
			sourceTree = "<group>";
		};
		0E9C6CB42630BC05002BD516 /* Componentes */ = {
			isa = PBXGroup;
			children = (
				0E9C6CB52630BC1A002BD516 /* ImagePicker.swift */,
				0E96E8AF266ABB3800872019 /* MenuOpcoesAlunos.swift */,
				0E96E8B1266AC08600872019 /* Mensagem.swift */,
				0E96E8B3266EFF5A00872019 /* Localizacao.swift */,
				0E96E8BC266F144A00872019 /* Notificacoes.swift */,
				0E96E8BE26718E1E00872019 /* AutenticacaoLocal.swift */,
				0E32DC0D2694D9EB00397588 /* LigacaoTelefonica.swift */,
				0E32DC0F2694DB1900397588 /* Safari.swift */,
				0E32DC112694DC0E00397588 /* Filtro.swift */,
				0EAD8AF4269527EB000E283B /* Configuracao.swift */,
			);
			path = Componentes;
			sourceTree = "<group>";
		};
		2E37924F6B464312EADFDD5B /* Pods */ = {
			isa = PBXGroup;
			children = (
				6D7CACBD7848F6173C9B43D6 /* Pods-Agenda.debug.xcconfig */,
				E8D3C8B0438A77EA47D2DC03 /* Pods-Agenda.release.xcconfig */,
			);
			path = Pods;
			sourceTree = "<group>";
		};
/* End PBXGroup section */

/* Begin PBXNativeTarget section */
		03AA17491FC84154003CB2B8 /* Agenda */ = {
			isa = PBXNativeTarget;
			buildConfigurationList = 03AA175F1FC84154003CB2B8 /* Build configuration list for PBXNativeTarget "Agenda" */;
			buildPhases = (
				4841F14A1E6D7EECB5B71BA5 /* [CP] Check Pods Manifest.lock */,
				03AA17461FC84154003CB2B8 /* Sources */,
				03AA17471FC84154003CB2B8 /* Frameworks */,
				03AA17481FC84154003CB2B8 /* Resources */,
				C930B11AC7082AC7A109DF02 /* [CP] Embed Pods Frameworks */,
			);
			buildRules = (
			);
			dependencies = (
			);
			name = Agenda;
			productName = Agenda;
			productReference = 03AA174A1FC84154003CB2B8 /* Agenda.app */;
			productType = "com.apple.product-type.application";
		};
/* End PBXNativeTarget section */

/* Begin PBXProject section */
		03AA17421FC84154003CB2B8 /* Project object */ = {
			isa = PBXProject;
			attributes = {
				LastSwiftUpdateCheck = 0910;
				LastUpgradeCheck = 0910;
				ORGANIZATIONNAME = Alura;
				TargetAttributes = {
					03AA17491FC84154003CB2B8 = {
						CreatedOnToolsVersion = 9.1;
						ProvisioningStyle = Automatic;
					};
				};
			};
			buildConfigurationList = 03AA17451FC84154003CB2B8 /* Build configuration list for PBXProject "Agenda" */;
			compatibilityVersion = "Xcode 8.0";
			developmentRegion = en;
			hasScannedForEncodings = 0;
			knownRegions = (
				en,
				Base,
			);
			mainGroup = 03AA17411FC84154003CB2B8;
			productRefGroup = 03AA174B1FC84154003CB2B8 /* Products */;
			projectDirPath = "";
			projectRoot = "";
			targets = (
				03AA17491FC84154003CB2B8 /* Agenda */,
			);
		};
/* End PBXProject section */

/* Begin PBXResourcesBuildPhase section */
		03AA17481FC84154003CB2B8 /* Resources */ = {
			isa = PBXResourcesBuildPhase;
			buildActionMask = 2147483647;
			files = (
				03AA175B1FC84154003CB2B8 /* LaunchScreen.storyboard in Resources */,
				0E96E8C52671A56400872019 /* icon_caelum.png in Resources */,
				03AA17581FC84154003CB2B8 /* Assets.xcassets in Resources */,
				03AA17531FC84154003CB2B8 /* Main.storyboard in Resources */,
			);
			runOnlyForDeploymentPostprocessing = 0;
		};
/* End PBXResourcesBuildPhase section */

/* Begin PBXShellScriptBuildPhase section */
		4841F14A1E6D7EECB5B71BA5 /* [CP] Check Pods Manifest.lock */ = {
			isa = PBXShellScriptBuildPhase;
			buildActionMask = 2147483647;
			files = (
			);
			inputFileListPaths = (
			);
			inputPaths = (
				"${PODS_PODFILE_DIR_PATH}/Podfile.lock",
				"${PODS_ROOT}/Manifest.lock",
			);
			name = "[CP] Check Pods Manifest.lock";
			outputFileListPaths = (
			);
			outputPaths = (
				"$(DERIVED_FILE_DIR)/Pods-Agenda-checkManifestLockResult.txt",
			);
			runOnlyForDeploymentPostprocessing = 0;
			shellPath = /bin/sh;
			shellScript = "diff \"${PODS_PODFILE_DIR_PATH}/Podfile.lock\" \"${PODS_ROOT}/Manifest.lock\" > /dev/null\nif [ $? != 0 ] ; then\n    # print error to STDERR\n    echo \"error: The sandbox is not in sync with the Podfile.lock. Run 'pod install' or update your CocoaPods installation.\" >&2\n    exit 1\nfi\n# This output is used by Xcode 'outputs' to avoid re-running this script phase.\necho \"SUCCESS\" > \"${SCRIPT_OUTPUT_FILE_0}\"\n";
			showEnvVarsInLog = 0;
		};
		C930B11AC7082AC7A109DF02 /* [CP] Embed Pods Frameworks */ = {
			isa = PBXShellScriptBuildPhase;
			buildActionMask = 2147483647;
			files = (
			);
			inputPaths = (
				"${PODS_ROOT}/Target Support Files/Pods-Agenda/Pods-Agenda-frameworks.sh",
				"${BUILT_PRODUCTS_DIR}/Alamofire/Alamofire.framework",
			);
			name = "[CP] Embed Pods Frameworks";
			outputPaths = (
				"${TARGET_BUILD_DIR}/${FRAMEWORKS_FOLDER_PATH}/Alamofire.framework",
			);
			runOnlyForDeploymentPostprocessing = 0;
			shellPath = /bin/sh;
			shellScript = "\"${PODS_ROOT}/Target Support Files/Pods-Agenda/Pods-Agenda-frameworks.sh\"\n";
			showEnvVarsInLog = 0;
		};
/* End PBXShellScriptBuildPhase section */

/* Begin PBXSourcesBuildPhase section */
		03AA17461FC84154003CB2B8 /* Sources */ = {
			isa = PBXSourcesBuildPhase;
			buildActionMask = 2147483647;
			files = (
				03AA176D1FC8515A003CB2B8 /* AlunoViewController.swift in Sources */,
				0E96E8C22671A19000872019 /* Pino.swift in Sources */,
				03AA17661FC84353003CB2B8 /* HomeTableViewController.swift in Sources */,
				0E32DC122694DC0E00397588 /* Filtro.swift in Sources */,
				0EE5AD5826842EE200192B92 /* AlunoDAO.swift in Sources */,
				03AA17561FC84154003CB2B8 /* Agenda.xcdatamodeld in Sources */,
				0E9C6CB62630BC1A002BD516 /* ImagePicker.swift in Sources */,
				0E96E8BB266F0DB400872019 /* CalculaMediaApi.swift in Sources */,
				03AA17681FC843B1003CB2B8 /* HomeTableViewCell.swift in Sources */,
				0E96E8B0266ABB3800872019 /* MenuOpcoesAlunos.swift in Sources */,
				0E32DC102694DB1900397588 /* Safari.swift in Sources */,
				0EAD8AF5269527EB000E283B /* Configuracao.swift in Sources */,
				0E96E8B2266AC08600872019 /* Mensagem.swift in Sources */,
				0E96E8BD266F144A00872019 /* Notificacoes.swift in Sources */,
				0E96E8B8266F041C00872019 /* MapaViewController.swift in Sources */,
				0E32DC0E2694D9EB00397588 /* LigacaoTelefonica.swift in Sources */,
				0EE5AD5626842DE700192B92 /* Repositorio.swift in Sources */,
				03AA174E1FC84154003CB2B8 /* AppDelegate.swift in Sources */,
				0E96E8B4266EFF5A00872019 /* Localizacao.swift in Sources */,
				0E355CC62684191300BA30B7 /* AlunoApi.swift in Sources */,
				0E96E8BF26718E1F00872019 /* AutenticacaoLocal.swift in Sources */,
			);
			runOnlyForDeploymentPostprocessing = 0;
		};
/* End PBXSourcesBuildPhase section */

/* Begin PBXVariantGroup section */
		03AA17511FC84154003CB2B8 /* Main.storyboard */ = {
			isa = PBXVariantGroup;
			children = (
				03AA17521FC84154003CB2B8 /* Base */,
			);
			name = Main.storyboard;
			sourceTree = "<group>";
		};
		03AA17591FC84154003CB2B8 /* LaunchScreen.storyboard */ = {
			isa = PBXVariantGroup;
			children = (
				03AA175A1FC84154003CB2B8 /* Base */,
			);
			name = LaunchScreen.storyboard;
			sourceTree = "<group>";
		};
/* End PBXVariantGroup section */

/* Begin XCBuildConfiguration section */
		03AA175D1FC84154003CB2B8 /* Debug */ = {
			isa = XCBuildConfiguration;
			buildSettings = {
				ALWAYS_SEARCH_USER_PATHS = NO;
				CLANG_ANALYZER_NONNULL = YES;
				CLANG_ANALYZER_NUMBER_OBJECT_CONVERSION = YES_AGGRESSIVE;
				CLANG_CXX_LANGUAGE_STANDARD = "gnu++14";
				CLANG_CXX_LIBRARY = "libc++";
				CLANG_ENABLE_MODULES = YES;
				CLANG_ENABLE_OBJC_ARC = YES;
				CLANG_WARN_BLOCK_CAPTURE_AUTORELEASING = YES;
				CLANG_WARN_BOOL_CONVERSION = YES;
				CLANG_WARN_COMMA = YES;
				CLANG_WARN_CONSTANT_CONVERSION = YES;
				CLANG_WARN_DIRECT_OBJC_ISA_USAGE = YES_ERROR;
				CLANG_WARN_DOCUMENTATION_COMMENTS = YES;
				CLANG_WARN_EMPTY_BODY = YES;
				CLANG_WARN_ENUM_CONVERSION = YES;
				CLANG_WARN_INFINITE_RECURSION = YES;
				CLANG_WARN_INT_CONVERSION = YES;
				CLANG_WARN_NON_LITERAL_NULL_CONVERSION = YES;
				CLANG_WARN_OBJC_LITERAL_CONVERSION = YES;
				CLANG_WARN_OBJC_ROOT_CLASS = YES_ERROR;
				CLANG_WARN_RANGE_LOOP_ANALYSIS = YES;
				CLANG_WARN_STRICT_PROTOTYPES = YES;
				CLANG_WARN_SUSPICIOUS_MOVE = YES;
				CLANG_WARN_UNGUARDED_AVAILABILITY = YES_AGGRESSIVE;
				CLANG_WARN_UNREACHABLE_CODE = YES;
				CLANG_WARN__DUPLICATE_METHOD_MATCH = YES;
				CODE_SIGN_IDENTITY = "iPhone Developer";
				COPY_PHASE_STRIP = NO;
				DEBUG_INFORMATION_FORMAT = dwarf;
				ENABLE_STRICT_OBJC_MSGSEND = YES;
				ENABLE_TESTABILITY = YES;
				GCC_C_LANGUAGE_STANDARD = gnu11;
				GCC_DYNAMIC_NO_PIC = NO;
				GCC_NO_COMMON_BLOCKS = YES;
				GCC_OPTIMIZATION_LEVEL = 0;
				GCC_PREPROCESSOR_DEFINITIONS = (
					"DEBUG=1",
					"$(inherited)",
				);
				GCC_WARN_64_TO_32_BIT_CONVERSION = YES;
				GCC_WARN_ABOUT_RETURN_TYPE = YES_ERROR;
				GCC_WARN_UNDECLARED_SELECTOR = YES;
				GCC_WARN_UNINITIALIZED_AUTOS = YES_AGGRESSIVE;
				GCC_WARN_UNUSED_FUNCTION = YES;
				GCC_WARN_UNUSED_VARIABLE = YES;
				IPHONEOS_DEPLOYMENT_TARGET = 11.1;
				MTL_ENABLE_DEBUG_INFO = YES;
				ONLY_ACTIVE_ARCH = YES;
				SDKROOT = iphoneos;
				SWIFT_ACTIVE_COMPILATION_CONDITIONS = DEBUG;
				SWIFT_OPTIMIZATION_LEVEL = "-Onone";
			};
			name = Debug;
		};
		03AA175E1FC84154003CB2B8 /* Release */ = {
			isa = XCBuildConfiguration;
			buildSettings = {
				ALWAYS_SEARCH_USER_PATHS = NO;
				CLANG_ANALYZER_NONNULL = YES;
				CLANG_ANALYZER_NUMBER_OBJECT_CONVERSION = YES_AGGRESSIVE;
				CLANG_CXX_LANGUAGE_STANDARD = "gnu++14";
				CLANG_CXX_LIBRARY = "libc++";
				CLANG_ENABLE_MODULES = YES;
				CLANG_ENABLE_OBJC_ARC = YES;
				CLANG_WARN_BLOCK_CAPTURE_AUTORELEASING = YES;
				CLANG_WARN_BOOL_CONVERSION = YES;
				CLANG_WARN_COMMA = YES;
				CLANG_WARN_CONSTANT_CONVERSION = YES;
				CLANG_WARN_DIRECT_OBJC_ISA_USAGE = YES_ERROR;
				CLANG_WARN_DOCUMENTATION_COMMENTS = YES;
				CLANG_WARN_EMPTY_BODY = YES;
				CLANG_WARN_ENUM_CONVERSION = YES;
				CLANG_WARN_INFINITE_RECURSION = YES;
				CLANG_WARN_INT_CONVERSION = YES;
				CLANG_WARN_NON_LITERAL_NULL_CONVERSION = YES;
				CLANG_WARN_OBJC_LITERAL_CONVERSION = YES;
				CLANG_WARN_OBJC_ROOT_CLASS = YES_ERROR;
				CLANG_WARN_RANGE_LOOP_ANALYSIS = YES;
				CLANG_WARN_STRICT_PROTOTYPES = YES;
				CLANG_WARN_SUSPICIOUS_MOVE = YES;
				CLANG_WARN_UNGUARDED_AVAILABILITY = YES_AGGRESSIVE;
				CLANG_WARN_UNREACHABLE_CODE = YES;
				CLANG_WARN__DUPLICATE_METHOD_MATCH = YES;
				CODE_SIGN_IDENTITY = "iPhone Developer";
				COPY_PHASE_STRIP = NO;
				DEBUG_INFORMATION_FORMAT = "dwarf-with-dsym";
				ENABLE_NS_ASSERTIONS = NO;
				ENABLE_STRICT_OBJC_MSGSEND = YES;
				GCC_C_LANGUAGE_STANDARD = gnu11;
				GCC_NO_COMMON_BLOCKS = YES;
				GCC_WARN_64_TO_32_BIT_CONVERSION = YES;
				GCC_WARN_ABOUT_RETURN_TYPE = YES_ERROR;
				GCC_WARN_UNDECLARED_SELECTOR = YES;
				GCC_WARN_UNINITIALIZED_AUTOS = YES_AGGRESSIVE;
				GCC_WARN_UNUSED_FUNCTION = YES;
				GCC_WARN_UNUSED_VARIABLE = YES;
				IPHONEOS_DEPLOYMENT_TARGET = 11.1;
				MTL_ENABLE_DEBUG_INFO = NO;
				SDKROOT = iphoneos;
				SWIFT_OPTIMIZATION_LEVEL = "-Owholemodule";
				VALIDATE_PRODUCT = YES;
			};
			name = Release;
		};
		03AA17601FC84154003CB2B8 /* Debug */ = {
			isa = XCBuildConfiguration;
			baseConfigurationReference = 6D7CACBD7848F6173C9B43D6 /* Pods-Agenda.debug.xcconfig */;
			buildSettings = {
				ASSETCATALOG_COMPILER_APPICON_NAME = AppIcon;
				CODE_SIGN_STYLE = Automatic;
				DEVELOPMENT_TEAM = Q6A28X826V;
				INFOPLIST_FILE = Agenda/Info.plist;
				LD_RUNPATH_SEARCH_PATHS = "$(inherited) @executable_path/Frameworks";
				PRODUCT_BUNDLE_IDENTIFIER = dev.golfetto.agenda;
				PRODUCT_NAME = "$(TARGET_NAME)";
				SWIFT_VERSION = 4.0;
				TARGETED_DEVICE_FAMILY = "1,2";
			};
			name = Debug;
		};
		03AA17611FC84154003CB2B8 /* Release */ = {
			isa = XCBuildConfiguration;
			baseConfigurationReference = E8D3C8B0438A77EA47D2DC03 /* Pods-Agenda.release.xcconfig */;
			buildSettings = {
				ASSETCATALOG_COMPILER_APPICON_NAME = AppIcon;
				CODE_SIGN_STYLE = Automatic;
				DEVELOPMENT_TEAM = Q6A28X826V;
				INFOPLIST_FILE = Agenda/Info.plist;
				LD_RUNPATH_SEARCH_PATHS = "$(inherited) @executable_path/Frameworks";
				PRODUCT_BUNDLE_IDENTIFIER = dev.golfetto.agenda;
				PRODUCT_NAME = "$(TARGET_NAME)";
				SWIFT_VERSION = 4.0;
				TARGETED_DEVICE_FAMILY = "1,2";
			};
			name = Release;
		};
/* End XCBuildConfiguration section */

/* Begin XCConfigurationList section */
		03AA17451FC84154003CB2B8 /* Build configuration list for PBXProject "Agenda" */ = {
			isa = XCConfigurationList;
			buildConfigurations = (
				03AA175D1FC84154003CB2B8 /* Debug */,
				03AA175E1FC84154003CB2B8 /* Release */,
			);
			defaultConfigurationIsVisible = 0;
			defaultConfigurationName = Release;
		};
		03AA175F1FC84154003CB2B8 /* Build configuration list for PBXNativeTarget "Agenda" */ = {
			isa = XCConfigurationList;
			buildConfigurations = (
				03AA17601FC84154003CB2B8 /* Debug */,
				03AA17611FC84154003CB2B8 /* Release */,
			);
			defaultConfigurationIsVisible = 0;
			defaultConfigurationName = Release;
		};
/* End XCConfigurationList section */

/* Begin XCVersionGroup section */
		03AA17541FC84154003CB2B8 /* Agenda.xcdatamodeld */ = {
			isa = XCVersionGroup;
			children = (
				03AA17551FC84154003CB2B8 /* Agenda.xcdatamodel */,
			);
			currentVersion = 03AA17551FC84154003CB2B8 /* Agenda.xcdatamodel */;
			path = Agenda.xcdatamodeld;
			sourceTree = "<group>";
			versionGroupType = wrapper.xcdatamodel;
		};
/* End XCVersionGroup section */
	};
	rootObject = 03AA17421FC84154003CB2B8 /* Project object */;
}
